
Microsoft Visual Studio Solution File, Format Version 12.00
# Visual Studio Version 17
VisualStudioVersion = 17.3.32825.248
MinimumVisualStudioVersion = 10.0.40219.1
Project("{FAE04EC0-301F-11D3-BF4B-00C04F79EFBC}") = "Webapp1", "Webapp1\Webapp1.csproj", "{C5120B26-CE46-4F3F-A727-58A5F0EBB2AD}"
EndProject
Global
	GlobalSection(SolutionConfigurationPlatforms) = preSolution
		Debug|Any CPU = Debug|Any CPU
		Release|Any CPU = Release|Any CPU
	EndGlobalSection
	GlobalSection(ProjectConfigurationPlatforms) = postSolution
		{C5120B26-CE46-4F3F-A727-58A5F0EBB2AD}.Debug|Any CPU.ActiveCfg = Debug|Any CPU
		{C5120B26-CE46-4F3F-A727-58A5F0EBB2AD}.Debug|Any CPU.Build.0 = Debug|Any CPU
		{C5120B26-CE46-4F3F-A727-58A5F0EBB2AD}.Release|Any CPU.ActiveCfg = Release|Any CPU
		{C5120B26-CE46-4F3F-A727-58A5F0EBB2AD}.Release|Any CPU.Build.0 = Release|Any CPU
	EndGlobalSection
	GlobalSection(SolutionProperties) = preSolution
		HideSolutionNode = FALSE
	EndGlobalSection
	GlobalSection(ExtensibilityGlobals) = postSolution
		SolutionGuid = {D00B6770-0C5A-41BF-8A7D-CC16918FD30A}
	EndGlobalSection
EndGlobal
